
Microsoft Visual Studio Solution File, Format Version 12.00
# Visual Studio 2012
Project("{FAE04EC0-301F-11D3-BF4B-00C04F79EFBC}") = "Project-Tarik-Zijie", "Project-Tarik-Zijie\Project-Tarik-Zijie.csproj", "{E89A4AD9-F7CD-424B-8B14-38EADD56A8DD}"
EndProject
Global
	GlobalSection(SolutionConfigurationPlatforms) = preSolution
		Debug|Any CPU = Debug|Any CPU
		Release|Any CPU = Release|Any CPU
	EndGlobalSection
	GlobalSection(ProjectConfigurationPlatforms) = postSolution
		{E89A4AD9-F7CD-424B-8B14-38EADD56A8DD}.Debug|Any CPU.ActiveCfg = Debug|Any CPU
		{E89A4AD9-F7CD-424B-8B14-38EADD56A8DD}.Debug|Any CPU.Build.0 = Debug|Any CPU
		{E89A4AD9-F7CD-424B-8B14-38EADD56A8DD}.Release|Any CPU.ActiveCfg = Release|Any CPU
		{E89A4AD9-F7CD-424B-8B14-38EADD56A8DD}.Release|Any CPU.Build.0 = Release|Any CPU
	EndGlobalSection
	GlobalSection(SolutionProperties) = preSolution
		HideSolutionNode = FALSE
	EndGlobalSection
EndGlobal
